
Microsoft Visual Studio Solution File, Format Version 12.00
# Visual Studio 14
VisualStudioVersion = 14.0.25123.0
MinimumVisualStudioVersion = 10.0.40219.1
Project("{8BC9CEB8-8B4A-11D0-8D11-00A0C91BC942}") = "GodBox", "GodBox\GodBox.vcxproj", "{B7156BC7-BE9A-48A0-90A0-92B8003B402B}"
	ProjectSection(ProjectDependencies) = postProject
		{96545C22-E144-432C-A5D3-F8B684D35159} = {96545C22-E144-432C-A5D3-F8B684D35159}
		{C7F5A34E-8939-4DB1-BFCD-670C7F068A70} = {C7F5A34E-8939-4DB1-BFCD-670C7F068A70}
		{74363F64-4422-455B-A5AC-71CBA6406779} = {74363F64-4422-455B-A5AC-71CBA6406779}
		{6B3099E2-E607-46D3-BCF7-0138E456DE9B} = {6B3099E2-E607-46D3-BCF7-0138E456DE9B}
	EndProjectSection
EndProject
Project("{8BC9CEB8-8B4A-11D0-8D11-00A0C91BC942}") = "GLFW", "GLFW\GLFW.vcxproj", "{6B3099E2-E607-46D3-BCF7-0138E456DE9B}"
EndProject
Project("{8BC9CEB8-8B4A-11D0-8D11-00A0C91BC942}") = "Bento", "Bento\Bento.vcxproj", "{96545C22-E144-432C-A5D3-F8B684D35159}"
	ProjectSection(ProjectDependencies) = postProject
		{74363F64-4422-455B-A5AC-71CBA6406779} = {74363F64-4422-455B-A5AC-71CBA6406779}
		{6B3099E2-E607-46D3-BCF7-0138E456DE9B} = {6B3099E2-E607-46D3-BCF7-0138E456DE9B}
	EndProjectSection
EndProject
Project("{8BC9CEB8-8B4A-11D0-8D11-00A0C91BC942}") = "Resources", "Resources\Resources.vcxproj", "{C7F5A34E-8939-4DB1-BFCD-670C7F068A70}"
EndProject
Project("{8BC9CEB8-8B4A-11D0-8D11-00A0C91BC942}") = "IMGUI", "IMGUI\IMGUI.vcxproj", "{74363F64-4422-455B-A5AC-71CBA6406779}"
EndProject
Project("{8BC9CEB8-8B4A-11D0-8D11-00A0C91BC942}") = "GLEW", "GLEW\GLEW.vcxproj", "{664E6F0D-6784-4760-9565-D54F8EB1EDF4}"
EndProject
Global
	GlobalSection(SolutionConfigurationPlatforms) = preSolution
		Debug|x64 = Debug|x64
		Debug|x86 = Debug|x86
		Release|x64 = Release|x64
		Release|x86 = Release|x86
	EndGlobalSection
	GlobalSection(ProjectConfigurationPlatforms) = postSolution
		{B7156BC7-BE9A-48A0-90A0-92B8003B402B}.Debug MX|x64.ActiveCfg = Debug|x64
		{B7156BC7-BE9A-48A0-90A0-92B8003B402B}.Debug MX|x64.Build.0 = Debug|x64
		{B7156BC7-BE9A-48A0-90A0-92B8003B402B}.Debug MX|x86.ActiveCfg = Debug|Win32
		{B7156BC7-BE9A-48A0-90A0-92B8003B402B}.Debug MX|x86.Build.0 = Debug|Win32
		{B7156BC7-BE9A-48A0-90A0-92B8003B402B}.Debug|x64.ActiveCfg = Debug|x64
		{B7156BC7-BE9A-48A0-90A0-92B8003B402B}.Debug|x64.Build.0 = Debug|x64
		{B7156BC7-BE9A-48A0-90A0-92B8003B402B}.Debug|x86.ActiveCfg = Debug|Win32
		{B7156BC7-BE9A-48A0-90A0-92B8003B402B}.Debug|x86.Build.0 = Debug|Win32
		{B7156BC7-BE9A-48A0-90A0-92B8003B402B}.Release MX|x64.ActiveCfg = Release|x64
		{B7156BC7-BE9A-48A0-90A0-92B8003B402B}.Release MX|x64.Build.0 = Release|x64
		{B7156BC7-BE9A-48A0-90A0-92B8003B402B}.Release MX|x86.ActiveCfg = Release|Win32
		{B7156BC7-BE9A-48A0-90A0-92B8003B402B}.Release MX|x86.Build.0 = Release|Win32
		{B7156BC7-BE9A-48A0-90A0-92B8003B402B}.Release|x64.ActiveCfg = Release|x64
		{B7156BC7-BE9A-48A0-90A0-92B8003B402B}.Release|x64.Build.0 = Release|x64
		{B7156BC7-BE9A-48A0-90A0-92B8003B402B}.Release|x86.ActiveCfg = Release|Win32
		{B7156BC7-BE9A-48A0-90A0-92B8003B402B}.Release|x86.Build.0 = Release|Win32
		{6B3099E2-E607-46D3-BCF7-0138E456DE9B}.Debug MX|x64.ActiveCfg = Debug|x64
		{6B3099E2-E607-46D3-BCF7-0138E456DE9B}.Debug MX|x64.Build.0 = Debug|x64
		{6B3099E2-E607-46D3-BCF7-0138E456DE9B}.Debug MX|x86.ActiveCfg = Debug|Win32
		{6B3099E2-E607-46D3-BCF7-0138E456DE9B}.Debug MX|x86.Build.0 = Debug|Win32
		{6B3099E2-E607-46D3-BCF7-0138E456DE9B}.Debug|x64.ActiveCfg = Debug|x64
		{6B3099E2-E607-46D3-BCF7-0138E456DE9B}.Debug|x64.Build.0 = Debug|x64
		{6B3099E2-E607-46D3-BCF7-0138E456DE9B}.Debug|x86.ActiveCfg = Debug|Win32
		{6B3099E2-E607-46D3-BCF7-0138E456DE9B}.Debug|x86.Build.0 = Debug|Win32
		{6B3099E2-E607-46D3-BCF7-0138E456DE9B}.Release MX|x64.ActiveCfg = Release|x64
		{6B3099E2-E607-46D3-BCF7-0138E456DE9B}.Release MX|x64.Build.0 = Release|x64
		{6B3099E2-E607-46D3-BCF7-0138E456DE9B}.Release MX|x86.ActiveCfg = Release|Win32
		{6B3099E2-E607-46D3-BCF7-0138E456DE9B}.Release MX|x86.Build.0 = Release|Win32
		{6B3099E2-E607-46D3-BCF7-0138E456DE9B}.Release|x64.ActiveCfg = Release|x64
		{6B3099E2-E607-46D3-BCF7-0138E456DE9B}.Release|x64.Build.0 = Release|x64
		{6B3099E2-E607-46D3-BCF7-0138E456DE9B}.Release|x86.ActiveCfg = Release|Win32
		{6B3099E2-E607-46D3-BCF7-0138E456DE9B}.Release|x86.Build.0 = Release|Win32
		{96545C22-E144-432C-A5D3-F8B684D35159}.Debug MX|x64.ActiveCfg = Debug|x64
		{96545C22-E144-432C-A5D3-F8B684D35159}.Debug MX|x64.Build.0 = Debug|x64
		{96545C22-E144-432C-A5D3-F8B684D35159}.Debug MX|x86.ActiveCfg = Debug|Win32
		{96545C22-E144-432C-A5D3-F8B684D35159}.Debug MX|x86.Build.0 = Debug|Win32
		{96545C22-E144-432C-A5D3-F8B684D35159}.Debug|x64.ActiveCfg = Debug|x64
		{96545C22-E144-432C-A5D3-F8B684D35159}.Debug|x64.Build.0 = Debug|x64
		{96545C22-E144-432C-A5D3-F8B684D35159}.Debug|x86.ActiveCfg = Debug|Win32
		{96545C22-E144-432C-A5D3-F8B684D35159}.Debug|x86.Build.0 = Debug|Win32
		{96545C22-E144-432C-A5D3-F8B684D35159}.Release MX|x64.ActiveCfg = Release|x64
		{96545C22-E144-432C-A5D3-F8B684D35159}.Release MX|x64.Build.0 = Release|x64
		{96545C22-E144-432C-A5D3-F8B684D35159}.Release MX|x86.ActiveCfg = Release|Win32
		{96545C22-E144-432C-A5D3-F8B684D35159}.Release MX|x86.Build.0 = Release|Win32
		{96545C22-E144-432C-A5D3-F8B684D35159}.Release|x64.ActiveCfg = Release|x64
		{96545C22-E144-432C-A5D3-F8B684D35159}.Release|x64.Build.0 = Release|x64
		{96545C22-E144-432C-A5D3-F8B684D35159}.Release|x86.ActiveCfg = Release|Win32
		{96545C22-E144-432C-A5D3-F8B684D35159}.Release|x86.Build.0 = Release|Win32
		{C7F5A34E-8939-4DB1-BFCD-670C7F068A70}.Debug MX|x64.ActiveCfg = Debug|x64
		{C7F5A34E-8939-4DB1-BFCD-670C7F068A70}.Debug MX|x64.Build.0 = Debug|x64
		{C7F5A34E-8939-4DB1-BFCD-670C7F068A70}.Debug MX|x86.ActiveCfg = Debug|Win32
		{C7F5A34E-8939-4DB1-BFCD-670C7F068A70}.Debug MX|x86.Build.0 = Debug|Win32
		{C7F5A34E-8939-4DB1-BFCD-670C7F068A70}.Debug|x64.ActiveCfg = Debug|x64
		{C7F5A34E-8939-4DB1-BFCD-670C7F068A70}.Debug|x64.Build.0 = Debug|x64
		{C7F5A34E-8939-4DB1-BFCD-670C7F068A70}.Debug|x86.ActiveCfg = Debug|Win32
		{C7F5A34E-8939-4DB1-BFCD-670C7F068A70}.Release MX|x64.ActiveCfg = Release|x64
		{C7F5A34E-8939-4DB1-BFCD-670C7F068A70}.Release MX|x64.Build.0 = Release|x64
		{C7F5A34E-8939-4DB1-BFCD-670C7F068A70}.Release MX|x86.ActiveCfg = Release|Win32
		{C7F5A34E-8939-4DB1-BFCD-670C7F068A70}.Release MX|x86.Build.0 = Release|Win32
		{C7F5A34E-8939-4DB1-BFCD-670C7F068A70}.Release|x64.ActiveCfg = Release|x64
		{C7F5A34E-8939-4DB1-BFCD-670C7F068A70}.Release|x64.Build.0 = Release|x64
		{C7F5A34E-8939-4DB1-BFCD-670C7F068A70}.Release|x86.ActiveCfg = Release|Win32
		{74363F64-4422-455B-A5AC-71CBA6406779}.Debug MX|x64.ActiveCfg = Debug|x64
		{74363F64-4422-455B-A5AC-71CBA6406779}.Debug MX|x64.Build.0 = Debug|x64
		{74363F64-4422-455B-A5AC-71CBA6406779}.Debug MX|x86.ActiveCfg = Debug|Win32
		{74363F64-4422-455B-A5AC-71CBA6406779}.Debug MX|x86.Build.0 = Debug|Win32
		{74363F64-4422-455B-A5AC-71CBA6406779}.Debug|x64.ActiveCfg = Debug|x64
		{74363F64-4422-455B-A5AC-71CBA6406779}.Debug|x64.Build.0 = Debug|x64
		{74363F64-4422-455B-A5AC-71CBA6406779}.Debug|x86.ActiveCfg = Debug|Win32
		{74363F64-4422-455B-A5AC-71CBA6406779}.Debug|x86.Build.0 = Debug|Win32
		{74363F64-4422-455B-A5AC-71CBA6406779}.Release MX|x64.ActiveCfg = Release|x64
		{74363F64-4422-455B-A5AC-71CBA6406779}.Release MX|x64.Build.0 = Release|x64
		{74363F64-4422-455B-A5AC-71CBA6406779}.Release MX|x86.ActiveCfg = Release|Win32
		{74363F64-4422-455B-A5AC-71CBA6406779}.Release MX|x86.Build.0 = Release|Win32
		{74363F64-4422-455B-A5AC-71CBA6406779}.Release|x64.ActiveCfg = Release|x64
		{74363F64-4422-455B-A5AC-71CBA6406779}.Release|x64.Build.0 = Release|x64
		{74363F64-4422-455B-A5AC-71CBA6406779}.Release|x86.ActiveCfg = Release|Win32
		{74363F64-4422-455B-A5AC-71CBA6406779}.Release|x86.Build.0 = Release|Win32
		{664E6F0D-6784-4760-9565-D54F8EB1EDF4}.Debug MX|x64.ActiveCfg = Debug|x64
		{664E6F0D-6784-4760-9565-D54F8EB1EDF4}.Debug MX|x64.Build.0 = Debug|x64
		{664E6F0D-6784-4760-9565-D54F8EB1EDF4}.Debug MX|x86.ActiveCfg = Debug|Win32
		{664E6F0D-6784-4760-9565-D54F8EB1EDF4}.Debug MX|x86.Build.0 = Debug|Win32
		{664E6F0D-6784-4760-9565-D54F8EB1EDF4}.Debug|x64.ActiveCfg = Debug|x64
		{664E6F0D-6784-4760-9565-D54F8EB1EDF4}.Debug|x64.Build.0 = Debug|x64
		{664E6F0D-6784-4760-9565-D54F8EB1EDF4}.Debug|x86.ActiveCfg = Debug|Win32
		{664E6F0D-6784-4760-9565-D54F8EB1EDF4}.Debug|x86.Build.0 = Debug|Win32
		{664E6F0D-6784-4760-9565-D54F8EB1EDF4}.Release MX|x64.ActiveCfg = Release|x64
		{664E6F0D-6784-4760-9565-D54F8EB1EDF4}.Release MX|x64.Build.0 = Release|x64
		{664E6F0D-6784-4760-9565-D54F8EB1EDF4}.Release MX|x86.ActiveCfg = Release|Win32
		{664E6F0D-6784-4760-9565-D54F8EB1EDF4}.Release MX|x86.Build.0 = Release|Win32
		{664E6F0D-6784-4760-9565-D54F8EB1EDF4}.Release|x64.ActiveCfg = Release|x64
		{664E6F0D-6784-4760-9565-D54F8EB1EDF4}.Release|x64.Build.0 = Release|x64
		{664E6F0D-6784-4760-9565-D54F8EB1EDF4}.Release|x86.ActiveCfg = Release|Win32
		{664E6F0D-6784-4760-9565-D54F8EB1EDF4}.Release|x86.Build.0 = Release|Win32
	EndGlobalSection
	GlobalSection(SolutionProperties) = preSolution
		HideSolutionNode = FALSE
	EndGlobalSection
EndGlobal
